
Microsoft Visual Studio Solution File, Format Version 12.00
# Visual Studio 15
VisualStudioVersion = 15.0.26621.2
MinimumVisualStudioVersion = 15.0.26430.12
Project("{9A19103F-16F7-4668-BE54-9A1E7A4F7556}") = "NServiceBus.RavenDB", "NServiceBus.RavenDB\NServiceBus.RavenDB.csproj", "{281646E3-32E0-4F4D-BCF6-1DC5EFC6C268}"
EndProject
Project("{9A19103F-16F7-4668-BE54-9A1E7A4F7556}") = "NServiceBus.RavenDB.Tests", "NServiceBus.RavenDB.Tests\NServiceBus.RavenDB.Tests.csproj", "{7F6284D7-8DBE-44D3-875C-C59FC7489287}"
EndProject
Project("{9A19103F-16F7-4668-BE54-9A1E7A4F7556}") = "NServiceBus.RavenDB.AcceptanceTests", "NServiceBus.RavenDB.AcceptanceTests\NServiceBus.RavenDB.AcceptanceTests.csproj", "{4238BEB3-9860-47FF-862C-9EFB5061DC12}"
EndProject
Global
	GlobalSection(SolutionConfigurationPlatforms) = preSolution
		Debug|Any CPU = Debug|Any CPU
		Release|Any CPU = Release|Any CPU
	EndGlobalSection
	GlobalSection(ProjectConfigurationPlatforms) = postSolution
		{281646E3-32E0-4F4D-BCF6-1DC5EFC6C268}.Debug|Any CPU.ActiveCfg = Debug|Any CPU
		{281646E3-32E0-4F4D-BCF6-1DC5EFC6C268}.Debug|Any CPU.Build.0 = Debug|Any CPU
		{281646E3-32E0-4F4D-BCF6-1DC5EFC6C268}.Release|Any CPU.ActiveCfg = Release|Any CPU
		{281646E3-32E0-4F4D-BCF6-1DC5EFC6C268}.Release|Any CPU.Build.0 = Release|Any CPU
		{7F6284D7-8DBE-44D3-875C-C59FC7489287}.Debug|Any CPU.ActiveCfg = Debug|Any CPU
		{7F6284D7-8DBE-44D3-875C-C59FC7489287}.Debug|Any CPU.Build.0 = Debug|Any CPU
		{7F6284D7-8DBE-44D3-875C-C59FC7489287}.Release|Any CPU.ActiveCfg = Release|Any CPU
		{7F6284D7-8DBE-44D3-875C-C59FC7489287}.Release|Any CPU.Build.0 = Release|Any CPU
		{4238BEB3-9860-47FF-862C-9EFB5061DC12}.Debug|Any CPU.ActiveCfg = Debug|Any CPU
		{4238BEB3-9860-47FF-862C-9EFB5061DC12}.Debug|Any CPU.Build.0 = Debug|Any CPU
		{4238BEB3-9860-47FF-862C-9EFB5061DC12}.Release|Any CPU.ActiveCfg = Release|Any CPU
		{4238BEB3-9860-47FF-862C-9EFB5061DC12}.Release|Any CPU.Build.0 = Release|Any CPU
	EndGlobalSection
	GlobalSection(SolutionProperties) = preSolution
		HideSolutionNode = FALSE
	EndGlobalSection
	GlobalSection(ExtensibilityGlobals) = postSolution
		SolutionGuid = {2805161C-B6B9-4930-AD94-FB9910BBAFC3}
	EndGlobalSection
EndGlobal
