
Microsoft Visual Studio Solution File, Format Version 12.00
# Visual Studio Version 17
VisualStudioVersion = 17.1.32328.378
MinimumVisualStudioVersion = 15.0.26430.12
Project("{9A19103F-16F7-4668-BE54-9A1E7A4F7556}") = "NServiceBus.RavenDB", "NServiceBus.RavenDB\NServiceBus.RavenDB.csproj", "{281646E3-32E0-4F4D-BCF6-1DC5EFC6C268}"
EndProject
Project("{9A19103F-16F7-4668-BE54-9A1E7A4F7556}") = "NServiceBus.RavenDB.Tests", "NServiceBus.RavenDB.Tests\NServiceBus.RavenDB.Tests.csproj", "{7F6284D7-8DBE-44D3-875C-C59FC7489287}"
EndProject
Project("{9A19103F-16F7-4668-BE54-9A1E7A4F7556}") = "NServiceBus.RavenDB.AcceptanceTests", "NServiceBus.RavenDB.AcceptanceTests\NServiceBus.RavenDB.AcceptanceTests.csproj", "{4238BEB3-9860-47FF-862C-9EFB5061DC12}"
EndProject
Project("{2150E333-8FDC-42A3-9474-1A3956D46DE8}") = "Solution Items", "Solution Items", "{CB700990-944C-4B38-9ABF-D00EC464A5E2}"
	ProjectSection(SolutionItems) = preProject
		Directory.Build.props = Directory.Build.props
	EndProjectSection
EndProject
Project("{FAE04EC0-301F-11D3-BF4B-00C04F79EFBC}") = "NServiceBus.RavenDB.PessimisticLock.AcceptanceTests", "NServiceBus.RavenDB.PessimisticLock.AcceptanceTests\NServiceBus.RavenDB.PessimisticLock.AcceptanceTests.csproj", "{57785D1B-193C-4B59-86C2-F8E1E6B50A0E}"
EndProject
Global
	GlobalSection(SolutionConfigurationPlatforms) = preSolution
		Debug|Any CPU = Debug|Any CPU
		Release|Any CPU = Release|Any CPU
	EndGlobalSection
	GlobalSection(ProjectConfigurationPlatforms) = postSolution
		{281646E3-32E0-4F4D-BCF6-1DC5EFC6C268}.Debug|Any CPU.ActiveCfg = Debug|Any CPU
		{281646E3-32E0-4F4D-BCF6-1DC5EFC6C268}.Debug|Any CPU.Build.0 = Debug|Any CPU
		{281646E3-32E0-4F4D-BCF6-1DC5EFC6C268}.Release|Any CPU.ActiveCfg = Release|Any CPU
		{281646E3-32E0-4F4D-BCF6-1DC5EFC6C268}.Release|Any CPU.Build.0 = Release|Any CPU
		{7F6284D7-8DBE-44D3-875C-C59FC7489287}.Debug|Any CPU.ActiveCfg = Debug|Any CPU
		{7F6284D7-8DBE-44D3-875C-C59FC7489287}.Debug|Any CPU.Build.0 = Debug|Any CPU
		{7F6284D7-8DBE-44D3-875C-C59FC7489287}.Release|Any CPU.ActiveCfg = Release|Any CPU
		{7F6284D7-8DBE-44D3-875C-C59FC7489287}.Release|Any CPU.Build.0 = Release|Any CPU
		{4238BEB3-9860-47FF-862C-9EFB5061DC12}.Debug|Any CPU.ActiveCfg = Debug|Any CPU
		{4238BEB3-9860-47FF-862C-9EFB5061DC12}.Debug|Any CPU.Build.0 = Debug|Any CPU
		{4238BEB3-9860-47FF-862C-9EFB5061DC12}.Release|Any CPU.ActiveCfg = Release|Any CPU
		{4238BEB3-9860-47FF-862C-9EFB5061DC12}.Release|Any CPU.Build.0 = Release|Any CPU
		{57785D1B-193C-4B59-86C2-F8E1E6B50A0E}.Debug|Any CPU.ActiveCfg = Debug|Any CPU
		{57785D1B-193C-4B59-86C2-F8E1E6B50A0E}.Debug|Any CPU.Build.0 = Debug|Any CPU
		{57785D1B-193C-4B59-86C2-F8E1E6B50A0E}.Release|Any CPU.ActiveCfg = Release|Any CPU
		{57785D1B-193C-4B59-86C2-F8E1E6B50A0E}.Release|Any CPU.Build.0 = Release|Any CPU
	EndGlobalSection
	GlobalSection(SolutionProperties) = preSolution
		HideSolutionNode = FALSE
	EndGlobalSection
	GlobalSection(ExtensibilityGlobals) = postSolution
		SolutionGuid = {2805161C-B6B9-4930-AD94-FB9910BBAFC3}
	EndGlobalSection
EndGlobal
